
Microsoft Visual Studio Solution File, Format Version 12.00
# Visual Studio Express 15 for Windows Desktop
VisualStudioVersion = 15.0.28307.539
MinimumVisualStudioVersion = 10.0.40219.1
Project("{FAE04EC0-301F-11D3-BF4B-00C04F79EFBC}") = "ConsoleApp1", "ConsoleApp1\ConsoleApp1.csproj", "{3CA260F8-149C-4125-AB9A-247B8BFAB82E}"
EndProject
Global
	GlobalSection(SolutionConfigurationPlatforms) = preSolution
		Debug|Any CPU = Debug|Any CPU
		Release|Any CPU = Release|Any CPU
	EndGlobalSection
	GlobalSection(ProjectConfigurationPlatforms) = postSolution
		{3CA260F8-149C-4125-AB9A-247B8BFAB82E}.Debug|Any CPU.ActiveCfg = Debug|Any CPU
		{3CA260F8-149C-4125-AB9A-247B8BFAB82E}.Debug|Any CPU.Build.0 = Debug|Any CPU
		{3CA260F8-149C-4125-AB9A-247B8BFAB82E}.Release|Any CPU.ActiveCfg = Release|Any CPU
		{3CA260F8-149C-4125-AB9A-247B8BFAB82E}.Release|Any CPU.Build.0 = Release|Any CPU
	EndGlobalSection
	GlobalSection(SolutionProperties) = preSolution
		HideSolutionNode = FALSE
	EndGlobalSection
	GlobalSection(ExtensibilityGlobals) = postSolution
		SolutionGuid = {4E7721F1-AF4C-4E6C-9C94-B711AAE8A081}
	EndGlobalSection
EndGlobal
